
Microsoft Visual Studio Solution File, Format Version 12.00
# Visual Studio Version 16
VisualStudioVersion = 16.0.31402.337
MinimumVisualStudioVersion = 10.0.40219.1
Project("{FAE04EC0-301F-11D3-BF4B-00C04F79EFBC}") = "ToDo_API", "ToDo_API.csproj", "{50B6FECB-C55C-4E14-9C67-BC108E6BD92D}"
EndProject
Global
	GlobalSection(SolutionConfigurationPlatforms) = preSolution
		Debug|Any CPU = Debug|Any CPU
		Release|Any CPU = Release|Any CPU
	EndGlobalSection
	GlobalSection(ProjectConfigurationPlatforms) = postSolution
		{50B6FECB-C55C-4E14-9C67-BC108E6BD92D}.Debug|Any CPU.ActiveCfg = Debug|Any CPU
		{50B6FECB-C55C-4E14-9C67-BC108E6BD92D}.Debug|Any CPU.Build.0 = Debug|Any CPU
		{50B6FECB-C55C-4E14-9C67-BC108E6BD92D}.Release|Any CPU.ActiveCfg = Release|Any CPU
		{50B6FECB-C55C-4E14-9C67-BC108E6BD92D}.Release|Any CPU.Build.0 = Release|Any CPU
	EndGlobalSection
	GlobalSection(SolutionProperties) = preSolution
		HideSolutionNode = FALSE
	EndGlobalSection
	GlobalSection(ExtensibilityGlobals) = postSolution
		SolutionGuid = {CB3C3E94-BB0F-4731-8FAE-29518012B3F7}
	EndGlobalSection
EndGlobal
